github.com/codecat/go-enet v0.0.0-20230124183417-a8586e7e37c4 h1:IfESNBZYAzRQzxcOIUzqpCcYQEaPM9awhFhMV/mi3TQ=
github.com/codecat/go-enet v0.0.0-20230124183417-a8586e7e37c4/go.mod h1:sGvUVmO/h1mV+TB3h3AA7GBjDX6ZH8DkiF2dcyxPo38=
github.com/codecat/go-libs v0.0.0-20210906174629-ffa6674c8e05 h1:JSfDXHJvrIpQ8Agy//yoIlGpfIprTCDUytmf68fd/Lc=
github.com/codecat/go-libs v0.0.0-20210906174629-ffa6674c8e05/go.mod h1:xJW98cHEb+Kbuu0qmoKzExh3blthZqojIYOFo27VgvE=
github.com/ebitengine/purego v0.6.0-alpha.2 h1:lYSvMtNBEjNGAzqPC5WP7bHUOxkFU3L+JZMdxK7krkw=
github.com/ebitengine/purego v0.6.0-alpha.2/go.mod h1:ah1In8AOtksoNK6yk5z1HTJeUkC1Ez4Wk2idgGslMwQ=
github.com/fatih/color v1.16.0 h1:zmkK9Ngbjj+K0yRhTVONQh1p/HknKYSlNT+vZCzyokM=
github.com/fatih/color v1.16.0/go.mod h1:fL2Sau1YI5c0pdGEVCbKQbLXB6edEj1ZgiY4NijnWvE=
github.com/gen2brain/raylib-go/raylib v0.0.0-20240110102818-483e94e4d92e h1:t/kVA/quBlzLB+43QzIsHkFQrZs2ii79rk9NOofbQxs=
github.com/gen2brain/raylib-go/raylib v0.0.0-20240110102818-483e94e4d92e/go.mod h1:P/hDjVwz/9fhR0ww3+umzDpDA7Bf7Tce4xNChHIEFqE=
github.com/mattn/go-colorable v0.1.13 h1:fFA4WZxdEF4tXPZVKMLwD8oUnCTTo08duU7wxecdEvA=
github.com/mattn/go-colorable v0.1.13/go.mod h1:7S9/ev0klgBDR4GtXTXX8a3vIGJpMovkB8vQcUbaXHg=
github.com/mattn/go-isatty v0.0.16/go.mod h1:kYGgaQfpe5nmfYZH+SKPsOc2e4SrIfOl2e/yFXSvRLM=
github.com/mattn/go-isatty v0.0.20 h1:xfD0iDuEKnDkl03q4limB+vH+GxLEtL/jb4xVJSWWEY=
github.com/mattn/go-isatty v0.0.20/go.mod h1:W+V8PltTTMOvKvAeJH7IuucS94S2C6jfK/D7dTCTo3Y=
golang.org/x/sys v0.0.0-20220811171246-fbc7d0a398ab/go.mod h1:oPkhp1MJrh7nUepCBck5+mAzfO9JrbApNNgaTdGDITg=
golang.org/x/sys v0.6.0/go.mod h1:oPkhp1MJrh7nUepCBck5+mAzfO9JrbApNNgaTdGDITg=
golang.org/x/sys v0.16.0 h1:xWw16ngr6ZMtmxDyKyIgsE93KNKz5HKmMa3b8ALHidU=
golang.org/x/sys v0.16.0/go.mod h1:/VUhepiaJMQUp4+oa/7Zr1D23ma6VTLIYjOOTFZPUcA=
